{
  "originHash" : "c6664799be2356338e2c771494102a5971efa2907322e548ef28a38f811ae431",
  "pins" : [
    {
      "identity" : "capacitor-swift-pm",
      "kind" : "remoteSourceControl",
      "location" : "https://github.com/ionic-team/capacitor-swift-pm.git",
      "state" : {
        "revision" : "4f71d0b979f2f957326f04353eca7604ee937e1e",
        "version" : "8.5.0"
      }
    },
    {
      "identity" : "purchases-hybrid-common",
      "kind" : "remoteSourceControl",
      "location" : "https://github.com/RevenueCat/purchases-hybrid-common.git",
      "state" : {
        "revision" : "9be4e1dd303fd2693e34cd3fc6951cb91a913125",
        "version" : "18.36.1"
      }
    },
    {
      "identity" : "purchases-ios-spm",
      "kind" : "remoteSourceControl",
      "location" : "https://github.com/RevenueCat/purchases-ios-spm",
      "state" : {
        "revision" : "b5c4652249754d6d8ec415a6bc79a611ea38c839",
        "version" : "5.88.0"
      }
    }
  ],
  "version" : 3
}
